
Microsoft Visual Studio Solution File, Format Version 12.00
# Visual Studio Version 17
VisualStudioVersion = 17.4.33213.308
MinimumVisualStudioVersion = 10.0.40219.1
Project("{FAE04EC0-301F-11D3-BF4B-00C04F79EFBC}") = "NZWalks.API", "NZWalks.API\NZWalks.API.csproj", "{3809879D-C0BC-4BA1-BA7D-B597065A6F6C}"
EndProject
Global
	GlobalSection(SolutionConfigurationPlatforms) = preSolution
		Debug|Any CPU = Debug|Any CPU
		Release|Any CPU = Release|Any CPU
	EndGlobalSection
	GlobalSection(ProjectConfigurationPlatforms) = postSolution
		{3809879D-C0BC-4BA1-BA7D-B597065A6F6C}.Debug|Any CPU.ActiveCfg = Debug|Any CPU
		{3809879D-C0BC-4BA1-BA7D-B597065A6F6C}.Debug|Any CPU.Build.0 = Debug|Any CPU
		{3809879D-C0BC-4BA1-BA7D-B597065A6F6C}.Release|Any CPU.ActiveCfg = Release|Any CPU
		{3809879D-C0BC-4BA1-BA7D-B597065A6F6C}.Release|Any CPU.Build.0 = Release|Any CPU
	EndGlobalSection
	GlobalSection(SolutionProperties) = preSolution
		HideSolutionNode = FALSE
	EndGlobalSection
	GlobalSection(ExtensibilityGlobals) = postSolution
		SolutionGuid = {FC0DC1AF-84F4-42BF-8A28-C264070AA464}
	EndGlobalSection
EndGlobal
